
Microsoft Visual Studio Solution File, Format Version 12.00
# Visual Studio 15
VisualStudioVersion = 15.0.28010.2003
MinimumVisualStudioVersion = 10.0.40219.1
Project("{9A19103F-16F7-4668-BE54-9A1E7A4F7556}") = "SimplyAOP", "SimplyAOP\SimplyAOP.csproj", "{39A7EFB7-3800-4204-99D4-E84FFADD5CC8}"
EndProject
Project("{9A19103F-16F7-4668-BE54-9A1E7A4F7556}") = "SimplyAOP.Tests", "SimplyAOP.Tests\SimplyAOP.Tests.csproj", "{88712708-9296-4DC6-B263-D4B0F07FCBCD}"
EndProject
Project("{FAE04EC0-301F-11D3-BF4B-00C04F79EFBC}") = "SimplyAOP.Example", "SimplyAOP.Example\SimplyAOP.Example.csproj", "{76B30952-B9F6-4A2D-A860-216849F8EB5A}"
EndProject
Global
	GlobalSection(SolutionConfigurationPlatforms) = preSolution
		Debug|Any CPU = Debug|Any CPU
		Release|Any CPU = Release|Any CPU
	EndGlobalSection
	GlobalSection(ProjectConfigurationPlatforms) = postSolution
		{39A7EFB7-3800-4204-99D4-E84FFADD5CC8}.Debug|Any CPU.ActiveCfg = Debug|Any CPU
		{39A7EFB7-3800-4204-99D4-E84FFADD5CC8}.Debug|Any CPU.Build.0 = Debug|Any CPU
		{39A7EFB7-3800-4204-99D4-E84FFADD5CC8}.Release|Any CPU.ActiveCfg = Release|Any CPU
		{39A7EFB7-3800-4204-99D4-E84FFADD5CC8}.Release|Any CPU.Build.0 = Release|Any CPU
		{88712708-9296-4DC6-B263-D4B0F07FCBCD}.Debug|Any CPU.ActiveCfg = Debug|Any CPU
		{88712708-9296-4DC6-B263-D4B0F07FCBCD}.Debug|Any CPU.Build.0 = Debug|Any CPU
		{88712708-9296-4DC6-B263-D4B0F07FCBCD}.Release|Any CPU.ActiveCfg = Release|Any CPU
		{88712708-9296-4DC6-B263-D4B0F07FCBCD}.Release|Any CPU.Build.0 = Release|Any CPU
		{76B30952-B9F6-4A2D-A860-216849F8EB5A}.Debug|Any CPU.ActiveCfg = Debug|Any CPU
		{76B30952-B9F6-4A2D-A860-216849F8EB5A}.Debug|Any CPU.Build.0 = Debug|Any CPU
		{76B30952-B9F6-4A2D-A860-216849F8EB5A}.Release|Any CPU.ActiveCfg = Release|Any CPU
		{76B30952-B9F6-4A2D-A860-216849F8EB5A}.Release|Any CPU.Build.0 = Release|Any CPU
	EndGlobalSection
	GlobalSection(SolutionProperties) = preSolution
		HideSolutionNode = FALSE
	EndGlobalSection
	GlobalSection(ExtensibilityGlobals) = postSolution
		SolutionGuid = {3495531D-EB5A-45A1-A342-12D6FF800363}
	EndGlobalSection
EndGlobal
